Microsoft Visual Studio Solution File, Format Version 11.00
# Visual Studio 2008

Project("{86985E10-5F79-B95D-6BC9-18FB45EC7727}") = "test4", "Assembly-CSharp-firstpass.csproj", "{653284BA-636A-8EC4-1B47-42FEFFB6E44A}"
EndProject
Project("{86985E10-5F79-B95D-6BC9-18FB45EC7727}") = "test4", "Assembly-CSharp.csproj", "{F71BC4FE-D0FD-B60A-1C51-81164C477FD7}"
EndProject
Project("{86985E10-5F79-B95D-6BC9-18FB45EC7727}") = "test4", "Assembly-CSharp-Editor-firstpass.csproj", "{8831DEBF-030A-D764-EA35-E3E79F8C9D11}"
EndProject
Project("{86985E10-5F79-B95D-6BC9-18FB45EC7727}") = "test4", "Assembly-CSharp-Editor.csproj", "{676467A7-148D-7EBF-A03C-C354AD29C9F3}"
EndProject
Global
	GlobalSection(SolutionConfigurationPlatforms) = preSolution
		Debug|Any CPU = Debug|Any CPU
		Release|Any CPU = Release|Any CPU
	EndGlobalSection
	GlobalSection(ProjectConfigurationPlatforms) = postSolution
		{653284BA-636A-8EC4-1B47-42FEFFB6E44A}.Debug|Any CPU.ActiveCfg = Debug|Any CPU
		{653284BA-636A-8EC4-1B47-42FEFFB6E44A}.Debug|Any CPU.Build.0 = Debug|Any CPU
		{653284BA-636A-8EC4-1B47-42FEFFB6E44A}.Release|Any CPU.ActiveCfg = Release|Any CPU
		{653284BA-636A-8EC4-1B47-42FEFFB6E44A}.Release|Any CPU.Build.0 = Release|Any CPU
		{F71BC4FE-D0FD-B60A-1C51-81164C477FD7}.Debug|Any CPU.ActiveCfg = Debug|Any CPU
		{F71BC4FE-D0FD-B60A-1C51-81164C477FD7}.Debug|Any CPU.Build.0 = Debug|Any CPU
		{F71BC4FE-D0FD-B60A-1C51-81164C477FD7}.Release|Any CPU.ActiveCfg = Release|Any CPU
		{F71BC4FE-D0FD-B60A-1C51-81164C477FD7}.Release|Any CPU.Build.0 = Release|Any CPU
		{8831DEBF-030A-D764-EA35-E3E79F8C9D11}.Debug|Any CPU.ActiveCfg = Debug|Any CPU
		{8831DEBF-030A-D764-EA35-E3E79F8C9D11}.Debug|Any CPU.Build.0 = Debug|Any CPU
		{8831DEBF-030A-D764-EA35-E3E79F8C9D11}.Release|Any CPU.ActiveCfg = Release|Any CPU
		{8831DEBF-030A-D764-EA35-E3E79F8C9D11}.Release|Any CPU.Build.0 = Release|Any CPU
		{676467A7-148D-7EBF-A03C-C354AD29C9F3}.Debug|Any CPU.ActiveCfg = Debug|Any CPU
		{676467A7-148D-7EBF-A03C-C354AD29C9F3}.Debug|Any CPU.Build.0 = Debug|Any CPU
		{676467A7-148D-7EBF-A03C-C354AD29C9F3}.Release|Any CPU.ActiveCfg = Release|Any CPU
		{676467A7-148D-7EBF-A03C-C354AD29C9F3}.Release|Any CPU.Build.0 = Release|Any CPU
	EndGlobalSection
	GlobalSection(SolutionProperties) = preSolution
		HideSolutionNode = FALSE
	EndGlobalSection
	GlobalSection(MonoDevelopProperties) = preSolution
		StartupItem = Assembly-CSharp.csproj
	EndGlobalSection
EndGlobal
