Microsoft Visual Studio Solution File, Format Version 11.00
# Visual Studio 2008

Project("{5A105E8B-9D40-E132-9780-D62EA2265D8A}") = "test1", "Assembly-UnityScript.unityproj", "{CDB55D59-68A1-5F56-C0FB-C9358695E7BC}"
EndProject
Global
	GlobalSection(SolutionConfigurationPlatforms) = preSolution
		Debug|Any CPU = Debug|Any CPU
		Release|Any CPU = Release|Any CPU
	EndGlobalSection
	GlobalSection(ProjectConfigurationPlatforms) = postSolution
		{CDB55D59-68A1-5F56-C0FB-C9358695E7BC}.Debug|Any CPU.ActiveCfg = Debug|Any CPU
		{CDB55D59-68A1-5F56-C0FB-C9358695E7BC}.Debug|Any CPU.Build.0 = Debug|Any CPU
		{CDB55D59-68A1-5F56-C0FB-C9358695E7BC}.Release|Any CPU.ActiveCfg = Release|Any CPU
		{CDB55D59-68A1-5F56-C0FB-C9358695E7BC}.Release|Any CPU.Build.0 = Release|Any CPU
	EndGlobalSection
	GlobalSection(SolutionProperties) = preSolution
		HideSolutionNode = FALSE
	EndGlobalSection
	GlobalSection(MonoDevelopProperties) = preSolution
		StartupItem = Assembly-CSharp.csproj
	EndGlobalSection
EndGlobal
