Microsoft Visual Studio Solution File, Format Version 11.00
# Visual Studio 2008

Project("{F52B0752-247C-2E40-FF5C-E0D93EA0DC9D}") = "chp4", "Assembly-CSharp.csproj", "{F69516DD-B8F4-C113-A234-AD1E2FE1E67A}"
EndProject
Project("{F52B0752-247C-2E40-FF5C-E0D93EA0DC9D}") = "chp4", "Assembly-UnityScript-firstpass.unityproj", "{B137166D-C0F6-D8E3-8B39-8C76B3CBE45D}"
EndProject
Project("{F52B0752-247C-2E40-FF5C-E0D93EA0DC9D}") = "chp4", "Assembly-UnityScript.unityproj", "{43D4C120-73D1-6471-6C09-3A3E41E82F5E}"
EndProject
Global
	GlobalSection(SolutionConfigurationPlatforms) = preSolution
		Debug|Any CPU = Debug|Any CPU
		Release|Any CPU = Release|Any CPU
	EndGlobalSection
	GlobalSection(ProjectConfigurationPlatforms) = postSolution
		{F69516DD-B8F4-C113-A234-AD1E2FE1E67A}.Debug|Any CPU.ActiveCfg = Debug|Any CPU
		{F69516DD-B8F4-C113-A234-AD1E2FE1E67A}.Debug|Any CPU.Build.0 = Debug|Any CPU
		{F69516DD-B8F4-C113-A234-AD1E2FE1E67A}.Release|Any CPU.ActiveCfg = Release|Any CPU
		{F69516DD-B8F4-C113-A234-AD1E2FE1E67A}.Release|Any CPU.Build.0 = Release|Any CPU
		{B137166D-C0F6-D8E3-8B39-8C76B3CBE45D}.Debug|Any CPU.ActiveCfg = Debug|Any CPU
		{B137166D-C0F6-D8E3-8B39-8C76B3CBE45D}.Debug|Any CPU.Build.0 = Debug|Any CPU
		{B137166D-C0F6-D8E3-8B39-8C76B3CBE45D}.Release|Any CPU.ActiveCfg = Release|Any CPU
		{B137166D-C0F6-D8E3-8B39-8C76B3CBE45D}.Release|Any CPU.Build.0 = Release|Any CPU
		{43D4C120-73D1-6471-6C09-3A3E41E82F5E}.Debug|Any CPU.ActiveCfg = Debug|Any CPU
		{43D4C120-73D1-6471-6C09-3A3E41E82F5E}.Debug|Any CPU.Build.0 = Debug|Any CPU
		{43D4C120-73D1-6471-6C09-3A3E41E82F5E}.Release|Any CPU.ActiveCfg = Release|Any CPU
		{43D4C120-73D1-6471-6C09-3A3E41E82F5E}.Release|Any CPU.Build.0 = Release|Any CPU
	EndGlobalSection
	GlobalSection(SolutionProperties) = preSolution
		HideSolutionNode = FALSE
	EndGlobalSection
	GlobalSection(MonoDevelopProperties) = preSolution
		StartupItem = Assembly-CSharp.csproj
	EndGlobalSection
EndGlobal
